// !$*UTF8*$!
{
	archiveVersion = 1;
	classes = {
	};
	objectVersion = 46;
	objects = {

/* Begin PBXBuildFile section */
		BAC46E0F1E3D89C500BBEC81 /* Notes.strings in Resources */ = {isa = PBXBuildFile; fileRef = BAC46E0E1E3D89C500BBEC81 /* Notes.strings */; };
		BAD4A5641E3D814500440247 /* AppDelegate.swift in Sources */ = {isa = PBXBuildFile; fileRef = BAD4A5631E3D814500440247 /* AppDelegate.swift */; };
		BAD4A5691E3D814500440247 /* Main.storyboard in Resources */ = {isa = PBXBuildFile; fileRef = BAD4A5671E3D814500440247 /* Main.storyboard */; };
		BAD4A56C1E3D814500440247 /* PresentsAppWithCoreData.xcdatamodeld in Sources */ = {isa = PBXBuildFile; fileRef = BAD4A56A1E3D814500440247 /* PresentsAppWithCoreData.xcdatamodeld */; };
		BAD4A56E1E3D814500440247 /* Assets.xcassets in Resources */ = {isa = PBXBuildFile; fileRef = BAD4A56D1E3D814500440247 /* Assets.xcassets */; };
		BAD4A5711E3D814500440247 /* LaunchScreen.storyboard in Resources */ = {isa = PBXBuildFile; fileRef = BAD4A56F1E3D814500440247 /* LaunchScreen.storyboard */; };
		BAD4A5791E3D824800440247 /* GiftsTableViewController.swift in Sources */ = {isa = PBXBuildFile; fileRef = BAD4A5781E3D824800440247 /* GiftsTableViewController.swift */; };
		BAD4A57B1E3D831100440247 /* GiftsEachPersonTableViewCell.swift in Sources */ = {isa = PBXBuildFile; fileRef = BAD4A57A1E3D831100440247 /* GiftsEachPersonTableViewCell.swift */; };
/* End PBXBuildFile section */

/* Begin PBXFileReference section */
		BAC46E0E1E3D89C500BBEC81 /* Notes.strings */ = {isa = PBXFileReference; fileEncoding = 4; lastKnownFileType = text.plist.strings; path = Notes.strings; sourceTree = "<group>"; };
		BAD4A5601E3D814400440247 /* PresentsAppWithCoreData.app */ = {isa = PBXFileReference; explicitFileType = wrapper.application; includeInIndex = 0; path = PresentsAppWithCoreData.app; sourceTree = BUILT_PRODUCTS_DIR; };
		BAD4A5631E3D814500440247 /* AppDelegate.swift */ = {isa = PBXFileReference; lastKnownFileType = sourcecode.swift; path = AppDelegate.swift; sourceTree = "<group>"; };
		BAD4A5681E3D814500440247 /* Base */ = {isa = PBXFileReference; lastKnownFileType = file.storyboard; name = Base; path = Base.lproj/Main.storyboard; sourceTree = "<group>"; };
		BAD4A56B1E3D814500440247 /* PresentsAppWithCoreData.xcdatamodel */ = {isa = PBXFileReference; lastKnownFileType = wrapper.xcdatamodel; path = PresentsAppWithCoreData.xcdatamodel; sourceTree = "<group>"; };
		BAD4A56D1E3D814500440247 /* Assets.xcassets */ = {isa = PBXFileReference; lastKnownFileType = folder.assetcatalog; path = Assets.xcassets; sourceTree = "<group>"; };
		BAD4A5701E3D814500440247 /* Base */ = {isa = PBXFileReference; lastKnownFileType = file.storyboard; name = Base; path = Base.lproj/LaunchScreen.storyboard; sourceTree = "<group>"; };
		BAD4A5721E3D814500440247 /* Info.plist */ = {isa = PBXFileReference; lastKnownFileType = text.plist.xml; path = Info.plist; sourceTree = "<group>"; };
		BAD4A5781E3D824800440247 /* GiftsTableViewController.swift */ = {isa = PBXFileReference; fileEncoding = 4; lastKnownFileType = sourcecode.swift; name = GiftsTableViewController.swift; path = ../GiftsTableViewController.swift; sourceTree = "<group>"; };
		BAD4A57A1E3D831100440247 /* GiftsEachPersonTableViewCell.swift */ = {isa = PBXFileReference; fileEncoding = 4; lastKnownFileType = sourcecode.swift; path = GiftsEachPersonTableViewCell.swift; sourceTree = "<group>"; };
/* End PBXFileReference section */

/* Begin PBXFrameworksBuildPhase section */
		BAD4A55D1E3D814400440247 /* Frameworks */ = {
			isa = PBXFrameworksBuildPhase;
			buildActionMask = 2147483647;
			files = (
			);
			runOnlyForDeploymentPostprocessing = 0;
		};
/* End PBXFrameworksBuildPhase section */

/* Begin PBXGroup section */
		BAD4A5571E3D814400440247 = {
			isa = PBXGroup;
			children = (
				BAD4A5621E3D814500440247 /* PresentsAppWithCoreData */,
				BAD4A5611E3D814400440247 /* Products */,
			);
			sourceTree = "<group>";
		};
		BAD4A5611E3D814400440247 /* Products */ = {
			isa = PBXGroup;
			children = (
				BAD4A5601E3D814400440247 /* PresentsAppWithCoreData.app */,
			);
			name = Products;
			sourceTree = "<group>";
		};
		BAD4A5621E3D814500440247 /* PresentsAppWithCoreData */ = {
			isa = PBXGroup;
			children = (
				BAD4A5631E3D814500440247 /* AppDelegate.swift */,
				BAD4A5781E3D824800440247 /* GiftsTableViewController.swift */,
				BAD4A57A1E3D831100440247 /* GiftsEachPersonTableViewCell.swift */,
				BAD4A5671E3D814500440247 /* Main.storyboard */,
				BAC46E0E1E3D89C500BBEC81 /* Notes.strings */,
				BAD4A56D1E3D814500440247 /* Assets.xcassets */,
				BAD4A56F1E3D814500440247 /* LaunchScreen.storyboard */,
				BAD4A5721E3D814500440247 /* Info.plist */,
				BAD4A56A1E3D814500440247 /* PresentsAppWithCoreData.xcdatamodeld */,
			);
			path = PresentsAppWithCoreData;
			sourceTree = "<group>";
		};
/* End PBXGroup section */

/* Begin PBXNativeTarget section */
		BAD4A55F1E3D814400440247 /* PresentsAppWithCoreData */ = {
			isa = PBXNativeTarget;
			buildConfigurationList = BAD4A5751E3D814500440247 /* Build configuration list for PBXNativeTarget "PresentsAppWithCoreData" */;
			buildPhases = (
				BAD4A55C1E3D814400440247 /* Sources */,
				BAD4A55D1E3D814400440247 /* Frameworks */,
				BAD4A55E1E3D814400440247 /* Resources */,
			);
			buildRules = (
			);
			dependencies = (
			);
			name = PresentsAppWithCoreData;
			productName = PresentsAppWithCoreData;
			productReference = BAD4A5601E3D814400440247 /* PresentsAppWithCoreData.app */;
			productType = "com.apple.product-type.application";
		};
/* End PBXNativeTarget section */

/* Begin PBXProject section */
		BAD4A5581E3D814400440247 /* Project object */ = {
			isa = PBXProject;
			attributes = {
				LastSwiftUpdateCheck = 0820;
				LastUpgradeCheck = 0820;
				ORGANIZATIONNAME = kalikans;
				TargetAttributes = {
					BAD4A55F1E3D814400440247 = {
						CreatedOnToolsVersion = 8.2.1;
						ProvisioningStyle = Automatic;
					};
				};
			};
			buildConfigurationList = BAD4A55B1E3D814400440247 /* Build configuration list for PBXProject "PresentsAppWithCoreData" */;
			compatibilityVersion = "Xcode 3.2";
			developmentRegion = English;
			hasScannedForEncodings = 0;
			knownRegions = (
				en,
				Base,
			);
			mainGroup = BAD4A5571E3D814400440247;
			productRefGroup = BAD4A5611E3D814400440247 /* Products */;
			projectDirPath = "";
			projectRoot = "";
			targets = (
				BAD4A55F1E3D814400440247 /* PresentsAppWithCoreData */,
			);
		};
/* End PBXProject section */

/* Begin PBXResourcesBuildPhase section */
		BAD4A55E1E3D814400440247 /* Resources */ = {
			isa = PBXResourcesBuildPhase;
			buildActionMask = 2147483647;
			files = (
				BAD4A5711E3D814500440247 /* LaunchScreen.storyboard in Resources */,
				BAD4A56E1E3D814500440247 /* Assets.xcassets in Resources */,
				BAC46E0F1E3D89C500BBEC81 /* Notes.strings in Resources */,
				BAD4A5691E3D814500440247 /* Main.storyboard in Resources */,
			);
			runOnlyForDeploymentPostprocessing = 0;
		};
/* End PBXResourcesBuildPhase section */

/* Begin PBXSourcesBuildPhase section */
		BAD4A55C1E3D814400440247 /* Sources */ = {
			isa = PBXSourcesBuildPhase;
			buildActionMask = 2147483647;
			files = (
				BAD4A5791E3D824800440247 /* GiftsTableViewController.swift in Sources */,
				BAD4A57B1E3D831100440247 /* GiftsEachPersonTableViewCell.swift in Sources */,
				BAD4A5641E3D814500440247 /* AppDelegate.swift in Sources */,
				BAD4A56C1E3D814500440247 /* PresentsAppWithCoreData.xcdatamodeld in Sources */,
			);
			runOnlyForDeploymentPostprocessing = 0;
		};
/* End PBXSourcesBuildPhase section */

/* Begin PBXVariantGroup section */
		BAD4A5671E3D814500440247 /* Main.storyboard */ = {
			isa = PBXVariantGroup;
			children = (
				BAD4A5681E3D814500440247 /* Base */,
			);
			name = Main.storyboard;
			sourceTree = "<group>";
		};
		BAD4A56F1E3D814500440247 /* LaunchScreen.storyboard */ = {
			isa = PBXVariantGroup;
			children = (
				BAD4A5701E3D814500440247 /* Base */,
			);
			name = LaunchScreen.storyboard;
			sourceTree = "<group>";
		};
/* End PBXVariantGroup section */

/* Begin XCBuildConfiguration section */
		BAD4A5731E3D814500440247 /* Debug */ = {
			isa = XCBuildConfiguration;
			buildSettings = {
				ALWAYS_SEARCH_USER_PATHS = NO;
				CLANG_ANALYZER_NONNULL = YES;
				CLANG_CXX_LANGUAGE_STANDARD = "gnu++0x";
				CLANG_CXX_LIBRARY = "libc++";
				CLANG_ENABLE_MODULES = YES;
				CLANG_ENABLE_OBJC_ARC = YES;
				CLANG_WARN_BOOL_CONVERSION = YES;
				CLANG_WARN_CONSTANT_CONVERSION = YES;
				CLANG_WARN_DIRECT_OBJC_ISA_USAGE = YES_ERROR;
				CLANG_WARN_DOCUMENTATION_COMMENTS = YES;
				CLANG_WARN_EMPTY_BODY = YES;
				CLANG_WARN_ENUM_CONVERSION = YES;
				CLANG_WARN_INFINITE_RECURSION = YES;
				CLANG_WARN_INT_CONVERSION = YES;
				CLANG_WARN_OBJC_ROOT_CLASS = YES_ERROR;
				CLANG_WARN_SUSPICIOUS_MOVE = YES;
				CLANG_WARN_UNREACHABLE_CODE = YES;
				CLANG_WARN__DUPLICATE_METHOD_MATCH = YES;
				"CODE_SIGN_IDENTITY[sdk=iphoneos*]" = "iPhone Developer";
				COPY_PHASE_STRIP = NO;
				DEBUG_INFORMATION_FORMAT = dwarf;
				ENABLE_STRICT_OBJC_MSGSEND = YES;
				ENABLE_TESTABILITY = YES;
				GCC_C_LANGUAGE_STANDARD = gnu99;
				GCC_DYNAMIC_NO_PIC = NO;
				GCC_NO_COMMON_BLOCKS = YES;
				GCC_OPTIMIZATION_LEVEL = 0;
				GCC_PREPROCESSOR_DEFINITIONS = (
					"DEBUG=1",
					"$(inherited)",
				);
				GCC_WARN_64_TO_32_BIT_CONVERSION = YES;
				GCC_WARN_ABOUT_RETURN_TYPE = YES_ERROR;
				GCC_WARN_UNDECLARED_SELECTOR = YES;
				GCC_WARN_UNINITIALIZED_AUTOS = YES_AGGRESSIVE;
				GCC_WARN_UNUSED_FUNCTION = YES;
				GCC_WARN_UNUSED_VARIABLE = YES;
				IPHONEOS_DEPLOYMENT_TARGET = 10.2;
				MTL_ENABLE_DEBUG_INFO = YES;
				ONLY_ACTIVE_ARCH = YES;
				SDKROOT = iphoneos;
				SWIFT_ACTIVE_COMPILATION_CONDITIONS = DEBUG;
				SWIFT_OPTIMIZATION_LEVEL = "-Onone";
				TARGETED_DEVICE_FAMILY = "1,2";
			};
			name = Debug;
		};
		BAD4A5741E3D814500440247 /* Release */ = {
			isa = XCBuildConfiguration;
			buildSettings = {
				ALWAYS_SEARCH_USER_PATHS = NO;
				CLANG_ANALYZER_NONNULL = YES;
				CLANG_CXX_LANGUAGE_STANDARD = "gnu++0x";
				CLANG_CXX_LIBRARY = "libc++";
				CLANG_ENABLE_MODULES = YES;
				CLANG_ENABLE_OBJC_ARC = YES;
				CLANG_WARN_BOOL_CONVERSION = YES;
				CLANG_WARN_CONSTANT_CONVERSION = YES;
				CLANG_WARN_DIRECT_OBJC_ISA_USAGE = YES_ERROR;
				CLANG_WARN_DOCUMENTATION_COMMENTS = YES;
				CLANG_WARN_EMPTY_BODY = YES;
				CLANG_WARN_ENUM_CONVERSION = YES;
				CLANG_WARN_INFINITE_RECURSION = YES;
				CLANG_WARN_INT_CONVERSION = YES;
				CLANG_WARN_OBJC_ROOT_CLASS = YES_ERROR;
				CLANG_WARN_SUSPICIOUS_MOVE = YES;
				CLANG_WARN_UNREACHABLE_CODE = YES;
				CLANG_WARN__DUPLICATE_METHOD_MATCH = YES;
				"CODE_SIGN_IDENTITY[sdk=iphoneos*]" = "iPhone Developer";
				COPY_PHASE_STRIP = NO;
				DEBUG_INFORMATION_FORMAT = "dwarf-with-dsym";
				ENABLE_NS_ASSERTIONS = NO;
				ENABLE_STRICT_OBJC_MSGSEND = YES;
				GCC_C_LANGUAGE_STANDARD = gnu99;
				GCC_NO_COMMON_BLOCKS = YES;
				GCC_WARN_64_TO_32_BIT_CONVERSION = YES;
				GCC_WARN_ABOUT_RETURN_TYPE = YES_ERROR;
				GCC_WARN_UNDECLARED_SELECTOR = YES;
				GCC_WARN_UNINITIALIZED_AUTOS = YES_AGGRESSIVE;
				GCC_WARN_UNUSED_FUNCTION = YES;
				GCC_WARN_UNUSED_VARIABLE = YES;
				IPHONEOS_DEPLOYMENT_TARGET = 10.2;
				MTL_ENABLE_DEBUG_INFO = NO;
				SDKROOT = iphoneos;
				SWIFT_OPTIMIZATION_LEVEL = "-Owholemodule";
				TARGETED_DEVICE_FAMILY = "1,2";
				VALIDATE_PRODUCT = YES;
			};
			name = Release;
		};
		BAD4A5761E3D814500440247 /* Debug */ = {
			isa = XCBuildConfiguration;
			buildSettings = {
				ASSETCATALOG_COMPILER_APPICON_NAME = AppIcon;
				INFOPLIST_FILE = PresentsAppWithCoreData/Info.plist;
				LD_RUNPATH_SEARCH_PATHS = "$(inherited) @executable_path/Frameworks";
				PRODUCT_BUNDLE_IDENTIFIER = com.kalikans.PresentsAppWithCoreData;
				PRODUCT_NAME = "$(TARGET_NAME)";
				SWIFT_VERSION = 3.0;
			};
			name = Debug;
		};
		BAD4A5771E3D814500440247 /* Release */ = {
			isa = XCBuildConfiguration;
			buildSettings = {
				ASSETCATALOG_COMPILER_APPICON_NAME = AppIcon;
				INFOPLIST_FILE = PresentsAppWithCoreData/Info.plist;
				LD_RUNPATH_SEARCH_PATHS = "$(inherited) @executable_path/Frameworks";
				PRODUCT_BUNDLE_IDENTIFIER = com.kalikans.PresentsAppWithCoreData;
				PRODUCT_NAME = "$(TARGET_NAME)";
				SWIFT_VERSION = 3.0;
			};
			name = Release;
		};
/* End XCBuildConfiguration section */

/* Begin XCConfigurationList section */
		BAD4A55B1E3D814400440247 /* Build configuration list for PBXProject "PresentsAppWithCoreData" */ = {
			isa = XCConfigurationList;
			buildConfigurations = (
				BAD4A5731E3D814500440247 /* Debug */,
				BAD4A5741E3D814500440247 /* Release */,
			);
			defaultConfigurationIsVisible = 0;
			defaultConfigurationName = Release;
		};
		BAD4A5751E3D814500440247 /* Build configuration list for PBXNativeTarget "PresentsAppWithCoreData" */ = {
			isa = XCConfigurationList;
			buildConfigurations = (
				BAD4A5761E3D814500440247 /* Debug */,
				BAD4A5771E3D814500440247 /* Release */,
			);
			defaultConfigurationIsVisible = 0;
			defaultConfigurationName = Release;
		};
/* End XCConfigurationList section */

/* Begin XCVersionGroup section */
		BAD4A56A1E3D814500440247 /* PresentsAppWithCoreData.xcdatamodeld */ = {
			isa = XCVersionGroup;
			children = (
				BAD4A56B1E3D814500440247 /* PresentsAppWithCoreData.xcdatamodel */,
			);
			currentVersion = BAD4A56B1E3D814500440247 /* PresentsAppWithCoreData.xcdatamodel */;
			path = PresentsAppWithCoreData.xcdatamodeld;
			sourceTree = "<group>";
			versionGroupType = wrapper.xcdatamodel;
		};
/* End XCVersionGroup section */
	};
	rootObject = BAD4A5581E3D814400440247 /* Project object */;
}
